
Microsoft Visual Studio Solution File, Format Version 12.00
# Visual Studio Version 16
VisualStudioVersion = 25.0.1705.4
MinimumVisualStudioVersion = 10.0.40219.1
Project("{FAE04EC0-301F-11D3-BF4B-00C04F79EFBC}") = "DemoSignalR", "DemoSignalR\DemoSignalR.csproj", "{9F4DF23B-EB82-42E2-8B9E-E6E70105486A}"
EndProject
Global
	GlobalSection(SolutionConfigurationPlatforms) = preSolution
		Debug|Any CPU = Debug|Any CPU
		Release|Any CPU = Release|Any CPU
	EndGlobalSection
	GlobalSection(ProjectConfigurationPlatforms) = postSolution
		{9F4DF23B-EB82-42E2-8B9E-E6E70105486A}.Debug|Any CPU.ActiveCfg = Debug|Any CPU
		{9F4DF23B-EB82-42E2-8B9E-E6E70105486A}.Debug|Any CPU.Build.0 = Debug|Any CPU
		{9F4DF23B-EB82-42E2-8B9E-E6E70105486A}.Release|Any CPU.ActiveCfg = Release|Any CPU
		{9F4DF23B-EB82-42E2-8B9E-E6E70105486A}.Release|Any CPU.Build.0 = Release|Any CPU
	EndGlobalSection
	GlobalSection(SolutionProperties) = preSolution
		HideSolutionNode = FALSE
	EndGlobalSection
	GlobalSection(ExtensibilityGlobals) = postSolution
		SolutionGuid = {1DC5CD44-069F-4157-8DDE-9DBFF2F69D2C}
	EndGlobalSection
EndGlobal
